<?xml version="1.0" encoding="utf-8"?>
<Project ToolsVersion="4.0" xmlns="http://schemas.microsoft.com/developer/msbuild/2003">
  <ItemGroup>
    <Filter Include="Math">
      <UniqueIdentifier>{AFF4887C-9B2B-8A0D-4418-7010302E060F}</UniqueIdentifier>
    </Filter>
    <Filter Include="Otter">
      <UniqueIdentifier>{D326D60D-3F3B-FEBE-08BD-A11E7490FAEF}</UniqueIdentifier>
    </Filter>
    <Filter Include="Otter\Events">
      <UniqueIdentifier>{578767AC-43EA-F650-EC6F-2F07D8B1C2D3}</UniqueIdentifier>
    </Filter>
  </ItemGroup>
  <ItemGroup>
    <ClInclude Include="src\Otter.h" />
    <ClInclude Include="src\Otter\Application.h">
      <Filter>Otter</Filter>
    </ClInclude>
    <ClInclude Include="src\Otter\Core.h">
      <Filter>Otter</Filter>
    </ClInclude>
    <ClInclude Include="src\Otter\EntryPoint.h">
      <Filter>Otter</Filter>
    </ClInclude>
    <ClInclude Include="src\Otter\Events\ApplicationEvent.h">
      <Filter>Otter\Events</Filter>
    </ClInclude>
    <ClInclude Include="src\Otter\Events\Event.h">
      <Filter>Otter\Events</Filter>
    </ClInclude>
    <ClInclude Include="src\Otter\Events\KeyEvent.h">
      <Filter>Otter\Events</Filter>
    </ClInclude>
    <ClInclude Include="src\Otter\Events\MouseEvent.h">
      <Filter>Otter\Events</Filter>
    </ClInclude>
    <ClInclude Include="src\Otter\Log.h">
      <Filter>Otter</Filter>
    </ClInclude>
    <ClInclude Include="src\OtterPCH.h" />
    <ClInclude Include="src\Otter\Window.h" />
  </ItemGroup>
  <ItemGroup>
    <ClCompile Include="src\Otter\Application.cpp">
      <Filter>Otter</Filter>
    </ClCompile>
    <ClCompile Include="src\Otter\Log.cpp">
      <Filter>Otter</Filter>
    </ClCompile>
    <ClCompile Include="src\OtterPCH.cpp" />
  </ItemGroup>
</Project>