<?xml version="1.0" encoding="utf-8"?>
<Project ToolsVersion="4.0" xmlns="http://schemas.microsoft.com/developer/msbuild/2003">
  <ItemGroup>
    <Filter Include="Otter">
      <UniqueIdentifier>{D326D60D-3F3B-FEBE-08BD-A11E7490FAEF}</UniqueIdentifier>
    </Filter>
    <Filter Include="Otter\Events">
      <UniqueIdentifier>{578767AC-43EA-F650-EC6F-2F07D8B1C2D3}</UniqueIdentifier>
    </Filter>
    <Filter Include="Platform">
      <UniqueIdentifier>{2AC788B4-1694-E3BF-3FAD-D1672BD9184E}</UniqueIdentifier>
    </Filter>
    <Filter Include="Platform\Windows">
      <UniqueIdentifier>{64FBD71A-50F4-F66C-7926-DCF1657ED678}</UniqueIdentifier>
    </Filter>
  </ItemGroup>
  <ItemGroup>
    <ClInclude Include="src\Otter.h" />
    <ClInclude Include="src\Otter\Application.h">
      <Filter>Otter</Filter>
    </ClInclude>
    <ClInclude Include="src\Otter\Core.h">
      <Filter>Otter</Filter>
    </ClInclude>
    <ClInclude Include="src\Otter\EntryPoint.h">
      <Filter>Otter</Filter>
    </ClInclude>
    <ClInclude Include="src\Otter\Events\ApplicationEvent.h">
      <Filter>Otter\Events</Filter>
    </ClInclude>
    <ClInclude Include="src\Otter\Events\Event.h">
      <Filter>Otter\Events</Filter>
    </ClInclude>
    <ClInclude Include="src\Otter\Events\KeyEvent.h">
      <Filter>Otter\Events</Filter>
    </ClInclude>
    <ClInclude Include="src\Otter\Events\MouseEvent.h">
      <Filter>Otter\Events</Filter>
    </ClInclude>
    <ClInclude Include="src\Otter\Layer.h">
      <Filter>Otter</Filter>
    </ClInclude>
    <ClInclude Include="src\Otter\LayerStack.h">
      <Filter>Otter</Filter>
    </ClInclude>
    <ClInclude Include="src\Otter\Log.h">
      <Filter>Otter</Filter>
    </ClInclude>
    <ClInclude Include="src\Otter\Window.h">
      <Filter>Otter</Filter>
    </ClInclude>
    <ClInclude Include="src\OtterPCH.h" />
    <ClInclude Include="src\Platform\Windows\WindowsWindow.h">
      <Filter>Platform\Windows</Filter>
    </ClInclude>
  </ItemGroup>
  <ItemGroup>
    <ClCompile Include="src\Otter\Application.cpp">
      <Filter>Otter</Filter>
    </ClCompile>
    <ClCompile Include="src\Otter\Layer.cpp">
      <Filter>Otter</Filter>
    </ClCompile>
    <ClCompile Include="src\Otter\LayerStack.cpp">
      <Filter>Otter</Filter>
    </ClCompile>
    <ClCompile Include="src\Otter\Log.cpp">
      <Filter>Otter</Filter>
    </ClCompile>
    <ClCompile Include="src\OtterPCH.cpp" />
    <ClCompile Include="src\Platform\Windows\WindowsWindow.cpp">
      <Filter>Platform\Windows</Filter>
    </ClCompile>
  </ItemGroup>
</Project>